
Microsoft Visual Studio Solution File, Format Version 12.00
# Visual Studio Version 16
VisualStudioVersion = 16.0.29609.76
MinimumVisualStudioVersion = 10.0.40219.1
Project("{FAE04EC0-301F-11D3-BF4B-00C04F79EFBC}") = "DesignPatternsPractice", "DesignPatternsPractice\DesignPatternsPractice.csproj", "{24FFDD91-AC96-4727-8D29-65C22495DC45}"
EndProject
Project("{FAE04EC0-301F-11D3-BF4B-00C04F79EFBC}") = "DesignPatterns", "DesignPatterns\DesignPatterns.csproj", "{499D1DBA-DF5F-43E9-8AE9-E5A4224AA236}"
EndProject
Global
	GlobalSection(SolutionConfigurationPlatforms) = preSolution
		Debug|Any CPU = Debug|Any CPU
		Release|Any CPU = Release|Any CPU
	EndGlobalSection
	GlobalSection(ProjectConfigurationPlatforms) = postSolution
		{24FFDD91-AC96-4727-8D29-65C22495DC45}.Debug|Any CPU.ActiveCfg = Debug|Any CPU
		{24FFDD91-AC96-4727-8D29-65C22495DC45}.Debug|Any CPU.Build.0 = Debug|Any CPU
		{24FFDD91-AC96-4727-8D29-65C22495DC45}.Release|Any CPU.ActiveCfg = Release|Any CPU
		{24FFDD91-AC96-4727-8D29-65C22495DC45}.Release|Any CPU.Build.0 = Release|Any CPU
		{499D1DBA-DF5F-43E9-8AE9-E5A4224AA236}.Debug|Any CPU.ActiveCfg = Debug|Any CPU
		{499D1DBA-DF5F-43E9-8AE9-E5A4224AA236}.Debug|Any CPU.Build.0 = Debug|Any CPU
		{499D1DBA-DF5F-43E9-8AE9-E5A4224AA236}.Release|Any CPU.ActiveCfg = Release|Any CPU
		{499D1DBA-DF5F-43E9-8AE9-E5A4224AA236}.Release|Any CPU.Build.0 = Release|Any CPU
	EndGlobalSection
	GlobalSection(SolutionProperties) = preSolution
		HideSolutionNode = FALSE
	EndGlobalSection
	GlobalSection(ExtensibilityGlobals) = postSolution
		SolutionGuid = {346129AD-2EFD-4735-A0E4-B49C5D5E930B}
	EndGlobalSection
EndGlobal
